
Microsoft Visual Studio Solution File, Format Version 12.00
# Visual Studio 15
VisualStudioVersion = 15.0.27004.2009
MinimumVisualStudioVersion = 10.0.40219.1
Project("{FAE04EC0-301F-11D3-BF4B-00C04F79EFBC}") = "WebProject", "WebProject\WebProject.csproj", "{661751FE-4F2F-4675-8E90-FA8FA59D017D}"
EndProject
Project("{FAE04EC0-301F-11D3-BF4B-00C04F79EFBC}") = "DAL", "Repository\DAL.csproj", "{5E585D26-5863-4B05-8416-3BB1E821D748}"
EndProject
Project("{FAE04EC0-301F-11D3-BF4B-00C04F79EFBC}") = "Model", "Model\Model.csproj", "{630FD22F-32C6-49FC-B641-771A581C4F27}"
EndProject
Global
	GlobalSection(SolutionConfigurationPlatforms) = preSolution
		Debug|Any CPU = Debug|Any CPU
		Release|Any CPU = Release|Any CPU
	EndGlobalSection
	GlobalSection(ProjectConfigurationPlatforms) = postSolution
		{661751FE-4F2F-4675-8E90-FA8FA59D017D}.Debug|Any CPU.ActiveCfg = Debug|Any CPU
		{661751FE-4F2F-4675-8E90-FA8FA59D017D}.Debug|Any CPU.Build.0 = Debug|Any CPU
		{661751FE-4F2F-4675-8E90-FA8FA59D017D}.Release|Any CPU.ActiveCfg = Release|Any CPU
		{661751FE-4F2F-4675-8E90-FA8FA59D017D}.Release|Any CPU.Build.0 = Release|Any CPU
		{5E585D26-5863-4B05-8416-3BB1E821D748}.Debug|Any CPU.ActiveCfg = Debug|Any CPU
		{5E585D26-5863-4B05-8416-3BB1E821D748}.Debug|Any CPU.Build.0 = Debug|Any CPU
		{5E585D26-5863-4B05-8416-3BB1E821D748}.Release|Any CPU.ActiveCfg = Release|Any CPU
		{5E585D26-5863-4B05-8416-3BB1E821D748}.Release|Any CPU.Build.0 = Release|Any CPU
		{630FD22F-32C6-49FC-B641-771A581C4F27}.Debug|Any CPU.ActiveCfg = Debug|Any CPU
		{630FD22F-32C6-49FC-B641-771A581C4F27}.Debug|Any CPU.Build.0 = Debug|Any CPU
		{630FD22F-32C6-49FC-B641-771A581C4F27}.Release|Any CPU.ActiveCfg = Release|Any CPU
		{630FD22F-32C6-49FC-B641-771A581C4F27}.Release|Any CPU.Build.0 = Release|Any CPU
	EndGlobalSection
	GlobalSection(SolutionProperties) = preSolution
		HideSolutionNode = FALSE
	EndGlobalSection
	GlobalSection(ExtensibilityGlobals) = postSolution
		SolutionGuid = {E579388F-26FC-4FF1-829B-D9E428967C11}
	EndGlobalSection
EndGlobal
